
Microsoft Visual Studio Solution File, Format Version 12.00
Project("{FAE04EC0-301F-11D3-BF4B-00C04F79EFBC}") = "PlatformService", "PlatformService\PlatformService.csproj", "{06B8D766-083F-478D-AC96-4D51C4A2D82F}"
EndProject
Project("{FAE04EC0-301F-11D3-BF4B-00C04F79EFBC}") = "CommandsService", "CommandsService\CommandsService.csproj", "{B6ED524F-955E-4F52-A6B6-85ECB1446962}"
EndProject
Global
	GlobalSection(SolutionConfigurationPlatforms) = preSolution
		Debug|Any CPU = Debug|Any CPU
		Release|Any CPU = Release|Any CPU
	EndGlobalSection
	GlobalSection(ProjectConfigurationPlatforms) = postSolution
		{06B8D766-083F-478D-AC96-4D51C4A2D82F}.Debug|Any CPU.ActiveCfg = Debug|Any CPU
		{06B8D766-083F-478D-AC96-4D51C4A2D82F}.Debug|Any CPU.Build.0 = Debug|Any CPU
		{06B8D766-083F-478D-AC96-4D51C4A2D82F}.Release|Any CPU.ActiveCfg = Release|Any CPU
		{06B8D766-083F-478D-AC96-4D51C4A2D82F}.Release|Any CPU.Build.0 = Release|Any CPU
		{B6ED524F-955E-4F52-A6B6-85ECB1446962}.Debug|Any CPU.ActiveCfg = Debug|Any CPU
		{B6ED524F-955E-4F52-A6B6-85ECB1446962}.Debug|Any CPU.Build.0 = Debug|Any CPU
		{B6ED524F-955E-4F52-A6B6-85ECB1446962}.Release|Any CPU.ActiveCfg = Release|Any CPU
		{B6ED524F-955E-4F52-A6B6-85ECB1446962}.Release|Any CPU.Build.0 = Release|Any CPU
	EndGlobalSection
EndGlobal
